
Microsoft Visual Studio Solution File, Format Version 12.00
# Visual Studio Version 16
VisualStudioVersion = 16.0.31402.337
MinimumVisualStudioVersion = 10.0.40219.1
Project("{FAE04EC0-301F-11D3-BF4B-00C04F79EFBC}") = "BelolipeckiyTest", "BelolipeckiyTest.csproj", "{B8FB7776-3EAA-476F-98B1-50D48F64C74E}"
EndProject
Project("{FAE04EC0-301F-11D3-BF4B-00C04F79EFBC}") = "BelolipeckiyInspectorLib", "..\BelolipeckiyInspectorLib\BelolipeckiyInspectorLib.csproj", "{ECCE7B90-A82C-416C-B991-ABB3F7536366}"
EndProject
Global
	GlobalSection(SolutionConfigurationPlatforms) = preSolution
		Debug|Any CPU = Debug|Any CPU
		Release|Any CPU = Release|Any CPU
	EndGlobalSection
	GlobalSection(ProjectConfigurationPlatforms) = postSolution
		{B8FB7776-3EAA-476F-98B1-50D48F64C74E}.Debug|Any CPU.ActiveCfg = Debug|Any CPU
		{B8FB7776-3EAA-476F-98B1-50D48F64C74E}.Debug|Any CPU.Build.0 = Debug|Any CPU
		{B8FB7776-3EAA-476F-98B1-50D48F64C74E}.Release|Any CPU.ActiveCfg = Release|Any CPU
		{B8FB7776-3EAA-476F-98B1-50D48F64C74E}.Release|Any CPU.Build.0 = Release|Any CPU
		{ECCE7B90-A82C-416C-B991-ABB3F7536366}.Debug|Any CPU.ActiveCfg = Debug|Any CPU
		{ECCE7B90-A82C-416C-B991-ABB3F7536366}.Debug|Any CPU.Build.0 = Debug|Any CPU
		{ECCE7B90-A82C-416C-B991-ABB3F7536366}.Release|Any CPU.ActiveCfg = Release|Any CPU
		{ECCE7B90-A82C-416C-B991-ABB3F7536366}.Release|Any CPU.Build.0 = Release|Any CPU
	EndGlobalSection
	GlobalSection(SolutionProperties) = preSolution
		HideSolutionNode = FALSE
	EndGlobalSection
	GlobalSection(ExtensibilityGlobals) = postSolution
		SolutionGuid = {BDDE563D-CC73-4D1A-B4AD-C35372E57763}
	EndGlobalSection
EndGlobal
